Microsoft Visual Studio Solution File, Format Version 12.00
# Visual Studio 2012
Project("{FAE04EC0-301F-11D3-BF4B-00C04F79EFBC}") = "HowestMarkGodot", "HowestMarkGodot.csproj", "{CC5B33C3-97A5-4DAA-B949-6B80EE3F967F}"
EndProject
Global
	GlobalSection(SolutionConfigurationPlatforms) = preSolution
	Debug|Any CPU = Debug|Any CPU
	Release|Any CPU = Release|Any CPU
	Tools|Any CPU = Tools|Any CPU
	EndGlobalSection
	GlobalSection(ProjectConfigurationPlatforms) = postSolution
		{CC5B33C3-97A5-4DAA-B949-6B80EE3F967F}.Debug|Any CPU.ActiveCfg = Debug|Any CPU
		{CC5B33C3-97A5-4DAA-B949-6B80EE3F967F}.Debug|Any CPU.Build.0 = Debug|Any CPU
		{CC5B33C3-97A5-4DAA-B949-6B80EE3F967F}.Release|Any CPU.ActiveCfg = Release|Any CPU
		{CC5B33C3-97A5-4DAA-B949-6B80EE3F967F}.Release|Any CPU.Build.0 = Release|Any CPU
		{CC5B33C3-97A5-4DAA-B949-6B80EE3F967F}.Tools|Any CPU.ActiveCfg = Tools|Any CPU
		{CC5B33C3-97A5-4DAA-B949-6B80EE3F967F}.Tools|Any CPU.Build.0 = Tools|Any CPU
	EndGlobalSection
EndGlobal
